// !$*UTF8*$!
{
	archiveVersion = 1;
	classes = {
	};
	objectVersion = 46;
	objects = {

/* Begin PBXBuildFile section */
		1A284F0A1ABB5EDA00B2D572 /* main.m in Sources */ = {isa = PBXBuildFile; fileRef = 1A284F091ABB5EDA00B2D572 /* main.m */; };
		1A284F0D1ABB5EDA00B2D572 /* AppDelegate.m in Sources */ = {isa = PBXBuildFile; fileRef = 1A284F0C1ABB5EDA00B2D572 /* AppDelegate.m */; };
		1A284F101ABB5EDA00B2D572 /* ViewController.m in Sources */ = {isa = PBXBuildFile; fileRef = 1A284F0F1ABB5EDA00B2D572 /* ViewController.m */; };
		1A284F131ABB5EDA00B2D572 /* Main.storyboard in Resources */ = {isa = PBXBuildFile; fileRef = 1A284F111ABB5EDA00B2D572 /* Main.storyboard */; };
		1A284F151ABB5EDA00B2D572 /* Images.xcassets in Resources */ = {isa = PBXBuildFile; fileRef = 1A284F141ABB5EDA00B2D572 /* Images.xcassets */; };
		1A284F181ABB5EDA00B2D572 /* LaunchScreen.xib in Resources */ = {isa = PBXBuildFile; fileRef = 1A284F161ABB5EDA00B2D572 /* LaunchScreen.xib */; };
		1A284F241ABB5EDB00B2D572 /* CloudMusicPlayerTests.m in Sources */ = {isa = PBXBuildFile; fileRef = 1A284F231ABB5EDB00B2D572 /* CloudMusicPlayerTests.m */; };
/* End PBXBuildFile section */

/* Begin PBXContainerItemProxy section */
		1A284F1E1ABB5EDB00B2D572 /* PBXContainerItemProxy */ = {
			isa = PBXContainerItemProxy;
			containerPortal = 1A284EFC1ABB5EDA00B2D572 /* Project object */;
			proxyType = 1;
			remoteGlobalIDString = 1A284F031ABB5EDA00B2D572;
			remoteInfo = CloudMusicPlayer;
		};
/* End PBXContainerItemProxy section */

/* Begin PBXFileReference section */
		1A284F041ABB5EDA00B2D572 /* CloudMusicPlayer.app */ = {isa = PBXFileReference; explicitFileType = wrapper.application; includeInIndex = 0; path = CloudMusicPlayer.app; sourceTree = BUILT_PRODUCTS_DIR; };
		1A284F081ABB5EDA00B2D572 /* Info.plist */ = {isa = PBXFileReference; lastKnownFileType = text.plist.xml; path = Info.plist; sourceTree = "<group>"; };
		1A284F091ABB5EDA00B2D572 /* main.m */ = {isa = PBXFileReference; lastKnownFileType = sourcecode.c.objc; path = main.m; sourceTree = "<group>"; };
		1A284F0B1ABB5EDA00B2D572 /* AppDelegate.h */ = {isa = PBXFileReference; lastKnownFileType = sourcecode.c.h; path = AppDelegate.h; sourceTree = "<group>"; };
		1A284F0C1ABB5EDA00B2D572 /* AppDelegate.m */ = {isa = PBXFileReference; lastKnownFileType = sourcecode.c.objc; path = AppDelegate.m; sourceTree = "<group>"; };
		1A284F0E1ABB5EDA00B2D572 /* ViewController.h */ = {isa = PBXFileReference; lastKnownFileType = sourcecode.c.h; path = ViewController.h; sourceTree = "<group>"; };
		1A284F0F1ABB5EDA00B2D572 /* ViewController.m */ = {isa = PBXFileReference; lastKnownFileType = sourcecode.c.objc; path = ViewController.m; sourceTree = "<group>"; };
		1A284F121ABB5EDA00B2D572 /* Base */ = {isa = PBXFileReference; lastKnownFileType = file.storyboard; name = Base; path = Base.lproj/Main.storyboard; sourceTree = "<group>"; };
		1A284F141ABB5EDA00B2D572 /* Images.xcassets */ = {isa = PBXFileReference; lastKnownFileType = folder.assetcatalog; path = Images.xcassets; sourceTree = "<group>"; };
		1A284F171ABB5EDA00B2D572 /* Base */ = {isa = PBXFileReference; lastKnownFileType = file.xib; name = Base; path = Base.lproj/LaunchScreen.xib; sourceTree = "<group>"; };
		1A284F1D1ABB5EDB00B2D572 /* CloudMusicPlayerTests.xctest */ = {isa = PBXFileReference; explicitFileType = wrapper.cfbundle; includeInIndex = 0; path = CloudMusicPlayerTests.xctest; sourceTree = BUILT_PRODUCTS_DIR; };
		1A284F221ABB5EDB00B2D572 /* Info.plist */ = {isa = PBXFileReference; lastKnownFileType = text.plist.xml; path = Info.plist; sourceTree = "<group>"; };
		1A284F231ABB5EDB00B2D572 /* CloudMusicPlayerTests.m */ = {isa = PBXFileReference; lastKnownFileType = sourcecode.c.objc; path = CloudMusicPlayerTests.m; sourceTree = "<group>"; };
/* End PBXFileReference section */

/* Begin PBXFrameworksBuildPhase section */
		1A284F011ABB5EDA00B2D572 /* Frameworks */ = {
			isa = PBXFrameworksBuildPhase;
			buildActionMask = 2147483647;
			files = (
			);
			runOnlyForDeploymentPostprocessing = 0;
		};
		1A284F1A1ABB5EDB00B2D572 /* Frameworks */ = {
			isa = PBXFrameworksBuildPhase;
			buildActionMask = 2147483647;
			files = (
			);
			runOnlyForDeploymentPostprocessing = 0;
		};
/* End PBXFrameworksBuildPhase section */

/* Begin PBXGroup section */
		1A284EFB1ABB5EDA00B2D572 = {
			isa = PBXGroup;
			children = (
				1A284F061ABB5EDA00B2D572 /* CloudMusicPlayer */,
				1A284F201ABB5EDB00B2D572 /* CloudMusicPlayerTests */,
				1A284F051ABB5EDA00B2D572 /* Products */,
			);
			sourceTree = "<group>";
		};
		1A284F051ABB5EDA00B2D572 /* Products */ = {
			isa = PBXGroup;
			children = (
				1A284F041ABB5EDA00B2D572 /* CloudMusicPlayer.app */,
				1A284F1D1ABB5EDB00B2D572 /* CloudMusicPlayerTests.xctest */,
			);
			name = Products;
			sourceTree = "<group>";
		};
		1A284F061ABB5EDA00B2D572 /* CloudMusicPlayer */ = {
			isa = PBXGroup;
			children = (
				1A284F0B1ABB5EDA00B2D572 /* AppDelegate.h */,
				1A284F0C1ABB5EDA00B2D572 /* AppDelegate.m */,
				1A284F0E1ABB5EDA00B2D572 /* ViewController.h */,
				1A284F0F1ABB5EDA00B2D572 /* ViewController.m */,
				1A284F111ABB5EDA00B2D572 /* Main.storyboard */,
				1A284F141ABB5EDA00B2D572 /* Images.xcassets */,
				1A284F161ABB5EDA00B2D572 /* LaunchScreen.xib */,
				1A284F071ABB5EDA00B2D572 /* Supporting Files */,
			);
			path = CloudMusicPlayer;
			sourceTree = "<group>";
		};
		1A284F071ABB5EDA00B2D572 /* Supporting Files */ = {
			isa = PBXGroup;
			children = (
				1A284F081ABB5EDA00B2D572 /* Info.plist */,
				1A284F091ABB5EDA00B2D572 /* main.m */,
			);
			name = "Supporting Files";
			sourceTree = "<group>";
		};
		1A284F201ABB5EDB00B2D572 /* CloudMusicPlayerTests */ = {
			isa = PBXGroup;
			children = (
				1A284F231ABB5EDB00B2D572 /* CloudMusicPlayerTests.m */,
				1A284F211ABB5EDB00B2D572 /* Supporting Files */,
			);
			path = CloudMusicPlayerTests;
			sourceTree = "<group>";
		};
		1A284F211ABB5EDB00B2D572 /* Supporting Files */ = {
			isa = PBXGroup;
			children = (
				1A284F221ABB5EDB00B2D572 /* Info.plist */,
			);
			name = "Supporting Files";
			sourceTree = "<group>";
		};
/* End PBXGroup section */

/* Begin PBXNativeTarget section */
		1A284F031ABB5EDA00B2D572 /* CloudMusicPlayer */ = {
			isa = PBXNativeTarget;
			buildConfigurationList = 1A284F271ABB5EDB00B2D572 /* Build configuration list for PBXNativeTarget "CloudMusicPlayer" */;
			buildPhases = (
				1A284F001ABB5EDA00B2D572 /* Sources */,
				1A284F011ABB5EDA00B2D572 /* Frameworks */,
				1A284F021ABB5EDA00B2D572 /* Resources */,
			);
			buildRules = (
			);
			dependencies = (
			);
			name = CloudMusicPlayer;
			productName = CloudMusicPlayer;
			productReference = 1A284F041ABB5EDA00B2D572 /* CloudMusicPlayer.app */;
			productType = "com.apple.product-type.application";
		};
		1A284F1C1ABB5EDB00B2D572 /* CloudMusicPlayerTests */ = {
			isa = PBXNativeTarget;
			buildConfigurationList = 1A284F2A1ABB5EDB00B2D572 /* Build configuration list for PBXNativeTarget "CloudMusicPlayerTests" */;
			buildPhases = (
				1A284F191ABB5EDB00B2D572 /* Sources */,
				1A284F1A1ABB5EDB00B2D572 /* Frameworks */,
				1A284F1B1ABB5EDB00B2D572 /* Resources */,
			);
			buildRules = (
			);
			dependencies = (
				1A284F1F1ABB5EDB00B2D572 /* PBXTargetDependency */,
			);
			name = CloudMusicPlayerTests;
			productName = CloudMusicPlayerTests;
			productReference = 1A284F1D1ABB5EDB00B2D572 /* CloudMusicPlayerTests.xctest */;
			productType = "com.apple.product-type.bundle.unit-test";
		};
/* End PBXNativeTarget section */

/* Begin PBXProject section */
		1A284EFC1ABB5EDA00B2D572 /* Project object */ = {
			isa = PBXProject;
			attributes = {
				LastUpgradeCheck = 0620;
				ORGANIZATIONNAME = "Huy Manh Nguyen";
				TargetAttributes = {
					1A284F031ABB5EDA00B2D572 = {
						CreatedOnToolsVersion = 6.2;
					};
					1A284F1C1ABB5EDB00B2D572 = {
						CreatedOnToolsVersion = 6.2;
						TestTargetID = 1A284F031ABB5EDA00B2D572;
					};
				};
			};
			buildConfigurationList = 1A284EFF1ABB5EDA00B2D572 /* Build configuration list for PBXProject "CloudMusicPlayer" */;
			compatibilityVersion = "Xcode 3.2";
			developmentRegion = English;
			hasScannedForEncodings = 0;
			knownRegions = (
				en,
				Base,
			);
			mainGroup = 1A284EFB1ABB5EDA00B2D572;
			productRefGroup = 1A284F051ABB5EDA00B2D572 /* Products */;
			projectDirPath = "";
			projectRoot = "";
			targets = (
				1A284F031ABB5EDA00B2D572 /* CloudMusicPlayer */,
				1A284F1C1ABB5EDB00B2D572 /* CloudMusicPlayerTests */,
			);
		};
/* End PBXProject section */

/* Begin PBXResourcesBuildPhase section */
		1A284F021ABB5EDA00B2D572 /* Resources */ = {
			isa = PBXResourcesBuildPhase;
			buildActionMask = 2147483647;
			files = (
				1A284F131ABB5EDA00B2D572 /* Main.storyboard in Resources */,
				1A284F181ABB5EDA00B2D572 /* LaunchScreen.xib in Resources */,
				1A284F151ABB5EDA00B2D572 /* Images.xcassets in Resources */,
			);
			runOnlyForDeploymentPostprocessing = 0;
		};
		1A284F1B1ABB5EDB00B2D572 /* Resources */ = {
			isa = PBXResourcesBuildPhase;
			buildActionMask = 2147483647;
			files = (
			);
			runOnlyForDeploymentPostprocessing = 0;
		};
/* End PBXResourcesBuildPhase section */

/* Begin PBXSourcesBuildPhase section */
		1A284F001ABB5EDA00B2D572 /* Sources */ = {
			isa = PBXSourcesBuildPhase;
			buildActionMask = 2147483647;
			files = (
				1A284F101ABB5EDA00B2D572 /* ViewController.m in Sources */,
				1A284F0D1ABB5EDA00B2D572 /* AppDelegate.m in Sources */,
				1A284F0A1ABB5EDA00B2D572 /* main.m in Sources */,
			);
			runOnlyForDeploymentPostprocessing = 0;
		};
		1A284F191ABB5EDB00B2D572 /* Sources */ = {
			isa = PBXSourcesBuildPhase;
			buildActionMask = 2147483647;
			files = (
				1A284F241ABB5EDB00B2D572 /* CloudMusicPlayerTests.m in Sources */,
			);
			runOnlyForDeploymentPostprocessing = 0;
		};
/* End PBXSourcesBuildPhase section */

/* Begin PBXTargetDependency section */
		1A284F1F1ABB5EDB00B2D572 /* PBXTargetDependency */ = {
			isa = PBXTargetDependency;
			target = 1A284F031ABB5EDA00B2D572 /* CloudMusicPlayer */;
			targetProxy = 1A284F1E1ABB5EDB00B2D572 /* PBXContainerItemProxy */;
		};
/* End PBXTargetDependency section */

/* Begin PBXVariantGroup section */
		1A284F111ABB5EDA00B2D572 /* Main.storyboard */ = {
			isa = PBXVariantGroup;
			children = (
				1A284F121ABB5EDA00B2D572 /* Base */,
			);
			name = Main.storyboard;
			sourceTree = "<group>";
		};
		1A284F161ABB5EDA00B2D572 /* LaunchScreen.xib */ = {
			isa = PBXVariantGroup;
			children = (
				1A284F171ABB5EDA00B2D572 /* Base */,
			);
			name = LaunchScreen.xib;
			sourceTree = "<group>";
		};
/* End PBXVariantGroup section */

/* Begin XCBuildConfiguration section */
		1A284F251ABB5EDB00B2D572 /* Debug */ = {
			isa = XCBuildConfiguration;
			buildSettings = {
				ALWAYS_SEARCH_USER_PATHS = NO;
				CLANG_CXX_LANGUAGE_STANDARD = "gnu++0x";
				CLANG_CXX_LIBRARY = "libc++";
				CLANG_ENABLE_MODULES = YES;
				CLANG_ENABLE_OBJC_ARC = YES;
				CLANG_WARN_BOOL_CONVERSION = YES;
				CLANG_WARN_CONSTANT_CONVERSION = YES;
				CLANG_WARN_DIRECT_OBJC_ISA_USAGE = YES_ERROR;
				CLANG_WARN_EMPTY_BODY = YES;
				CLANG_WARN_ENUM_CONVERSION = YES;
				CLANG_WARN_INT_CONVERSION = YES;
				CLANG_WARN_OBJC_ROOT_CLASS = YES_ERROR;
				CLANG_WARN_UNREACHABLE_CODE = YES;
				CLANG_WARN__DUPLICATE_METHOD_MATCH = YES;
				"CODE_SIGN_IDENTITY[sdk=iphoneos*]" = "iPhone Developer";
				COPY_PHASE_STRIP = NO;
				ENABLE_STRICT_OBJC_MSGSEND = YES;
				GCC_C_LANGUAGE_STANDARD = gnu99;
				GCC_DYNAMIC_NO_PIC = NO;
				GCC_OPTIMIZATION_LEVEL = 0;
				GCC_PREPROCESSOR_DEFINITIONS = (
					"DEBUG=1",
					"$(inherited)",
				);
				GCC_SYMBOLS_PRIVATE_EXTERN = NO;
				GCC_WARN_64_TO_32_BIT_CONVERSION = YES;
				GCC_WARN_ABOUT_RETURN_TYPE = YES_ERROR;
				GCC_WARN_UNDECLARED_SELECTOR = YES;
				GCC_WARN_UNINITIALIZED_AUTOS = YES_AGGRESSIVE;
				GCC_WARN_UNUSED_FUNCTION = YES;
				GCC_WARN_UNUSED_VARIABLE = YES;
				IPHONEOS_DEPLOYMENT_TARGET = 8.2;
				MTL_ENABLE_DEBUG_INFO = YES;
				ONLY_ACTIVE_ARCH = YES;
				SDKROOT = iphoneos;
			};
			name = Debug;
		};
		1A284F261ABB5EDB00B2D572 /* Release */ = {
			isa = XCBuildConfiguration;
			buildSettings = {
				ALWAYS_SEARCH_USER_PATHS = NO;
				CLANG_CXX_LANGUAGE_STANDARD = "gnu++0x";
				CLANG_CXX_LIBRARY = "libc++";
				CLANG_ENABLE_MODULES = YES;
				CLANG_ENABLE_OBJC_ARC = YES;
				CLANG_WARN_BOOL_CONVERSION = YES;
				CLANG_WARN_CONSTANT_CONVERSION = YES;
				CLANG_WARN_DIRECT_OBJC_ISA_USAGE = YES_ERROR;
				CLANG_WARN_EMPTY_BODY = YES;
				CLANG_WARN_ENUM_CONVERSION = YES;
				CLANG_WARN_INT_CONVERSION = YES;
				CLANG_WARN_OBJC_ROOT_CLASS = YES_ERROR;
				CLANG_WARN_UNREACHABLE_CODE = YES;
				CLANG_WARN__DUPLICATE_METHOD_MATCH = YES;
				"CODE_SIGN_IDENTITY[sdk=iphoneos*]" = "iPhone Developer";
				COPY_PHASE_STRIP = NO;
				ENABLE_NS_ASSERTIONS = NO;
				ENABLE_STRICT_OBJC_MSGSEND = YES;
				GCC_C_LANGUAGE_STANDARD = gnu99;
				GCC_WARN_64_TO_32_BIT_CONVERSION = YES;
				GCC_WARN_ABOUT_RETURN_TYPE = YES_ERROR;
				GCC_WARN_UNDECLARED_SELECTOR = YES;
				GCC_WARN_UNINITIALIZED_AUTOS = YES_AGGRESSIVE;
				GCC_WARN_UNUSED_FUNCTION = YES;
				GCC_WARN_UNUSED_VARIABLE = YES;
				IPHONEOS_DEPLOYMENT_TARGET = 8.2;
				MTL_ENABLE_DEBUG_INFO = NO;
				SDKROOT = iphoneos;
				VALIDATE_PRODUCT = YES;
			};
			name = Release;
		};
		1A284F281ABB5EDB00B2D572 /* Debug */ = {
			isa = XCBuildConfiguration;
			buildSettings = {
				ASSETCATALOG_COMPILER_APPICON_NAME = AppIcon;
				INFOPLIST_FILE = CloudMusicPlayer/Info.plist;
				LD_RUNPATH_SEARCH_PATHS = "$(inherited) @executable_path/Frameworks";
				PRODUCT_NAME = "$(TARGET_NAME)";
			};
			name = Debug;
		};
		1A284F291ABB5EDB00B2D572 /* Release */ = {
			isa = XCBuildConfiguration;
			buildSettings = {
				ASSETCATALOG_COMPILER_APPICON_NAME = AppIcon;
				INFOPLIST_FILE = CloudMusicPlayer/Info.plist;
				LD_RUNPATH_SEARCH_PATHS = "$(inherited) @executable_path/Frameworks";
				PRODUCT_NAME = "$(TARGET_NAME)";
			};
			name = Release;
		};
		1A284F2B1ABB5EDB00B2D572 /* Debug */ = {
			isa = XCBuildConfiguration;
			buildSettings = {
				BUNDLE_LOADER = "$(TEST_HOST)";
				FRAMEWORK_SEARCH_PATHS = (
					"$(SDKROOT)/Developer/Library/Frameworks",
					"$(inherited)",
				);
				GCC_PREPROCESSOR_DEFINITIONS = (
					"DEBUG=1",
					"$(inherited)",
				);
				INFOPLIST_FILE = CloudMusicPlayerTests/Info.plist;
				LD_RUNPATH_SEARCH_PATHS = "$(inherited) @executable_path/Frameworks @loader_path/Frameworks";
				PRODUCT_NAME = "$(TARGET_NAME)";
				TEST_HOST = "$(BUILT_PRODUCTS_DIR)/CloudMusicPlayer.app/CloudMusicPlayer";
			};
			name = Debug;
		};
		1A284F2C1ABB5EDB00B2D572 /* Release */ = {
			isa = XCBuildConfiguration;
			buildSettings = {
				BUNDLE_LOADER = "$(TEST_HOST)";
				FRAMEWORK_SEARCH_PATHS = (
					"$(SDKROOT)/Developer/Library/Frameworks",
					"$(inherited)",
				);
				INFOPLIST_FILE = CloudMusicPlayerTests/Info.plist;
				LD_RUNPATH_SEARCH_PATHS = "$(inherited) @executable_path/Frameworks @loader_path/Frameworks";
				PRODUCT_NAME = "$(TARGET_NAME)";
				TEST_HOST = "$(BUILT_PRODUCTS_DIR)/CloudMusicPlayer.app/CloudMusicPlayer";
			};
			name = Release;
		};
/* End XCBuildConfiguration section */

/* Begin XCConfigurationList section */
		1A284EFF1ABB5EDA00B2D572 /* Build configuration list for PBXProject "CloudMusicPlayer" */ = {
			isa = XCConfigurationList;
			buildConfigurations = (
				1A284F251ABB5EDB00B2D572 /* Debug */,
				1A284F261ABB5EDB00B2D572 /* Release */,
			);
			defaultConfigurationIsVisible = 0;
			defaultConfigurationName = Release;
		};
		1A284F271ABB5EDB00B2D572 /* Build configuration list for PBXNativeTarget "CloudMusicPlayer" */ = {
			isa = XCConfigurationList;
			buildConfigurations = (
				1A284F281ABB5EDB00B2D572 /* Debug */,
				1A284F291ABB5EDB00B2D572 /* Release */,
			);
			defaultConfigurationIsVisible = 0;
		};
		1A284F2A1ABB5EDB00B2D572 /* Build configuration list for PBXNativeTarget "CloudMusicPlayerTests" */ = {
			isa = XCConfigurationList;
			buildConfigurations = (
				1A284F2B1ABB5EDB00B2D572 /* Debug */,
				1A284F2C1ABB5EDB00B2D572 /* Release */,
			);
			defaultConfigurationIsVisible = 0;
		};
/* End XCConfigurationList section */
	};
	rootObject = 1A284EFC1ABB5EDA00B2D572 /* Project object */;
}
